// !$*UTF8*$!
{
	archiveVersion = 1;
	classes = {
	};
	objectVersion = 50;
	objects = {

/* Begin PBXBuildFile section */
		4F229ABE243CC29500B1784C /* AppDelegate.swift in Sources */ = {isa = PBXBuildFile; fileRef = 4F229ABD243CC29500B1784C /* AppDelegate.swift */; };
		4F229AC0243CC29600B1784C /* Assets.xcassets in Resources */ = {isa = PBXBuildFile; fileRef = 4F229ABF243CC29600B1784C /* Assets.xcassets */; };
		4F229AC3243CC29600B1784C /* MainMenu.xib in Resources */ = {isa = PBXBuildFile; fileRef = 4F229AC1243CC29600B1784C /* MainMenu.xib */; };
		4FDC9C13243DCC0300FB0C4E /* LaunchAtLogin.framework.dSYM in CopyFiles */ = {isa = PBXBuildFile; fileRef = 4FDC9C12243DCC0300FB0C4E /* LaunchAtLogin.framework.dSYM */; };
		4FDC9C14243DCC6B00FB0C4E /* LaunchAtLogin.framework in Frameworks */ = {isa = PBXBuildFile; fileRef = 4FDC9C0E243DCB7B00FB0C4E /* LaunchAtLogin.framework */; };
		4FDC9C15243DCC6B00FB0C4E /* LaunchAtLogin.framework in Embed Frameworks */ = {isa = PBXBuildFile; fileRef = 4FDC9C0E243DCB7B00FB0C4E /* LaunchAtLogin.framework */; settings = {ATTRIBUTES = (CodeSignOnCopy, RemoveHeadersOnCopy, ); }; };
/* End PBXBuildFile section */

/* Begin PBXCopyFilesBuildPhase section */
		4FDC9C0C243DCB0B00FB0C4E /* CopyFiles */ = {
			isa = PBXCopyFilesBuildPhase;
			buildActionMask = 2147483647;
			dstPath = "";
			dstSubfolderSpec = 16;
			files = (
				4FDC9C13243DCC0300FB0C4E /* LaunchAtLogin.framework.dSYM in CopyFiles */,
			);
			runOnlyForDeploymentPostprocessing = 0;
		};
		4FDC9C16243DCC6B00FB0C4E /* Embed Frameworks */ = {
			isa = PBXCopyFilesBuildPhase;
			buildActionMask = 2147483647;
			dstPath = "";
			dstSubfolderSpec = 10;
			files = (
				4FDC9C15243DCC6B00FB0C4E /* LaunchAtLogin.framework in Embed Frameworks */,
			);
			name = "Embed Frameworks";
			runOnlyForDeploymentPostprocessing = 0;
		};
/* End PBXCopyFilesBuildPhase section */

/* Begin PBXFileReference section */
		4F229ABA243CC29500B1784C /* Bluesnooze.app */ = {isa = PBXFileReference; explicitFileType = wrapper.application; includeInIndex = 0; path = Bluesnooze.app; sourceTree = BUILT_PRODUCTS_DIR; };
		4F229ABD243CC29500B1784C /* AppDelegate.swift */ = {isa = PBXFileReference; lastKnownFileType = sourcecode.swift; path = AppDelegate.swift; sourceTree = "<group>"; };
		4F229ABF243CC29600B1784C /* Assets.xcassets */ = {isa = PBXFileReference; lastKnownFileType = folder.assetcatalog; path = Assets.xcassets; sourceTree = "<group>"; };
		4F229AC2243CC29600B1784C /* Base */ = {isa = PBXFileReference; lastKnownFileType = file.xib; name = Base; path = Base.lproj/MainMenu.xib; sourceTree = "<group>"; };
		4F229AC4243CC29600B1784C /* Info.plist */ = {isa = PBXFileReference; lastKnownFileType = text.plist.xml; path = Info.plist; sourceTree = "<group>"; };
		4F229AC5243CC29600B1784C /* Bluesnooze.entitlements */ = {isa = PBXFileReference; lastKnownFileType = text.plist.entitlements; path = Bluesnooze.entitlements; sourceTree = "<group>"; };
		4F229ACB243CC72800B1784C /* Bluesnooze-Bridging-Header.h */ = {isa = PBXFileReference; lastKnownFileType = sourcecode.c.h; path = "Bluesnooze-Bridging-Header.h"; sourceTree = "<group>"; };
		4FDC9C0E243DCB7B00FB0C4E /* LaunchAtLogin.framework */ = {isa = PBXFileReference; lastKnownFileType = wrapper.framework; name = LaunchAtLogin.framework; path = Carthage/Build/Mac/LaunchAtLogin.framework; sourceTree = "<group>"; };
		4FDC9C12243DCC0300FB0C4E /* LaunchAtLogin.framework.dSYM */ = {isa = PBXFileReference; lastKnownFileType = wrapper.dsym; name = LaunchAtLogin.framework.dSYM; path = Carthage/Build/Mac/LaunchAtLogin.framework.dSYM; sourceTree = "<group>"; };
/* End PBXFileReference section */

/* Begin PBXFrameworksBuildPhase section */
		4F229AB7243CC29500B1784C /* Frameworks */ = {
			isa = PBXFrameworksBuildPhase;
			buildActionMask = 2147483647;
			files = (
				4FDC9C14243DCC6B00FB0C4E /* LaunchAtLogin.framework in Frameworks */,
			);
			runOnlyForDeploymentPostprocessing = 0;
		};
/* End PBXFrameworksBuildPhase section */

/* Begin PBXGroup section */
		4F229AB1243CC29500B1784C = {
			isa = PBXGroup;
			children = (
				4F229ABC243CC29500B1784C /* Bluesnooze */,
				4F229ABB243CC29500B1784C /* Products */,
				4FDC9C0D243DCB7B00FB0C4E /* Frameworks */,
			);
			sourceTree = "<group>";
		};
		4F229ABB243CC29500B1784C /* Products */ = {
			isa = PBXGroup;
			children = (
				4F229ABA243CC29500B1784C /* Bluesnooze.app */,
			);
			name = Products;
			sourceTree = "<group>";
		};
		4F229ABC243CC29500B1784C /* Bluesnooze */ = {
			isa = PBXGroup;
			children = (
				4F229ABD243CC29500B1784C /* AppDelegate.swift */,
				4F229ABF243CC29600B1784C /* Assets.xcassets */,
				4F229AC1243CC29600B1784C /* MainMenu.xib */,
				4F229AC4243CC29600B1784C /* Info.plist */,
				4F229AC5243CC29600B1784C /* Bluesnooze.entitlements */,
				4F229ACB243CC72800B1784C /* Bluesnooze-Bridging-Header.h */,
			);
			path = Bluesnooze;
			sourceTree = "<group>";
		};
		4FDC9C0D243DCB7B00FB0C4E /* Frameworks */ = {
			isa = PBXGroup;
			children = (
				4FDC9C12243DCC0300FB0C4E /* LaunchAtLogin.framework.dSYM */,
				4FDC9C0E243DCB7B00FB0C4E /* LaunchAtLogin.framework */,
			);
			name = Frameworks;
			sourceTree = "<group>";
		};
/* End PBXGroup section */

/* Begin PBXNativeTarget section */
		4F229AB9243CC29500B1784C /* Bluesnooze */ = {
			isa = PBXNativeTarget;
			buildConfigurationList = 4F229AC8243CC29600B1784C /* Build configuration list for PBXNativeTarget "Bluesnooze" */;
			buildPhases = (
				4F707EAE243DC8DA00CBAE8A /* ShellScript */,
				4F229AB6243CC29500B1784C /* Sources */,
				4F229AB7243CC29500B1784C /* Frameworks */,
				4F229AB8243CC29500B1784C /* Resources */,
				4FDC9C0C243DCB0B00FB0C4E /* CopyFiles */,
				4FDC9C16243DCC6B00FB0C4E /* Embed Frameworks */,
				4FDC9C11243DCBD700FB0C4E /* ShellScript */,
			);
			buildRules = (
			);
			dependencies = (
			);
			name = Bluesnooze;
			productName = Bluesnooze;
			productReference = 4F229ABA243CC29500B1784C /* Bluesnooze.app */;
			productType = "com.apple.product-type.application";
		};
/* End PBXNativeTarget section */

/* Begin PBXProject section */
		4F229AB2243CC29500B1784C /* Project object */ = {
			isa = PBXProject;
			attributes = {
				LastSwiftUpdateCheck = 1110;
				LastUpgradeCheck = 1240;
				ORGANIZATIONNAME = "Oliver Peate";
				TargetAttributes = {
					4F229AB9243CC29500B1784C = {
						CreatedOnToolsVersion = 11.1;
						LastSwiftMigration = 1110;
					};
				};
			};
			buildConfigurationList = 4F229AB5243CC29500B1784C /* Build configuration list for PBXProject "Bluesnooze" */;
			compatibilityVersion = "Xcode 9.3";
			developmentRegion = en;
			hasScannedForEncodings = 0;
			knownRegions = (
				en,
				Base,
			);
			mainGroup = 4F229AB1243CC29500B1784C;
			productRefGroup = 4F229ABB243CC29500B1784C /* Products */;
			projectDirPath = "";
			projectRoot = "";
			targets = (
				4F229AB9243CC29500B1784C /* Bluesnooze */,
			);
		};
/* End PBXProject section */

/* Begin PBXResourcesBuildPhase section */
		4F229AB8243CC29500B1784C /* Resources */ = {
			isa = PBXResourcesBuildPhase;
			buildActionMask = 2147483647;
			files = (
				4F229AC0243CC29600B1784C /* Assets.xcassets in Resources */,
				4F229AC3243CC29600B1784C /* MainMenu.xib in Resources */,
			);
			runOnlyForDeploymentPostprocessing = 0;
		};
/* End PBXResourcesBuildPhase section */

/* Begin PBXShellScriptBuildPhase section */
		4F707EAE243DC8DA00CBAE8A /* ShellScript */ = {
			isa = PBXShellScriptBuildPhase;
			buildActionMask = 2147483647;
			files = (
			);
			inputFileListPaths = (
			);
			inputPaths = (
			);
			outputFileListPaths = (
			);
			outputPaths = (
			);
			runOnlyForDeploymentPostprocessing = 0;
			shellPath = /bin/sh;
			shellScript = "if which swiftlint >/dev/null; then\n  swiftlint\nelse\n  echo \"warning: SwiftLint not installed, download from https://github.com/realm/SwiftLint\"\nfi\n";
		};
		4FDC9C11243DCBD700FB0C4E /* ShellScript */ = {
			isa = PBXShellScriptBuildPhase;
			buildActionMask = 2147483647;
			files = (
			);
			inputFileListPaths = (
			);
			inputPaths = (
			);
			outputFileListPaths = (
			);
			outputPaths = (
			);
			runOnlyForDeploymentPostprocessing = 0;
			shellPath = /bin/sh;
			shellScript = "\"${PROJECT_DIR}/Carthage/Build/Mac/LaunchAtLogin.framework/Resources/copy-helper.sh\"\n";
		};
/* End PBXShellScriptBuildPhase section */

/* Begin PBXSourcesBuildPhase section */
		4F229AB6243CC29500B1784C /* Sources */ = {
			isa = PBXSourcesBuildPhase;
			buildActionMask = 2147483647;
			files = (
				4F229ABE243CC29500B1784C /* AppDelegate.swift in Sources */,
			);
			runOnlyForDeploymentPostprocessing = 0;
		};
/* End PBXSourcesBuildPhase section */

/* Begin PBXVariantGroup section */
		4F229AC1243CC29600B1784C /* MainMenu.xib */ = {
			isa = PBXVariantGroup;
			children = (
				4F229AC2243CC29600B1784C /* Base */,
			);
			name = MainMenu.xib;
			sourceTree = "<group>";
		};
/* End PBXVariantGroup section */

/* Begin XCBuildConfiguration section */
		4F229AC6243CC29600B1784C /* Debug */ = {
			isa = XCBuildConfiguration;
			buildSettings = {
				ALWAYS_SEARCH_USER_PATHS = NO;
				CLANG_ANALYZER_NONNULL = YES;
				CLANG_ANALYZER_NUMBER_OBJECT_CONVERSION = YES_AGGRESSIVE;
				CLANG_CXX_LANGUAGE_STANDARD = "gnu++14";
				CLANG_CXX_LIBRARY = "libc++";
				CLANG_ENABLE_MODULES = YES;
				CLANG_ENABLE_OBJC_ARC = YES;
				CLANG_ENABLE_OBJC_WEAK = YES;
				CLANG_WARN_BLOCK_CAPTURE_AUTORELEASING = YES;
				CLANG_WARN_BOOL_CONVERSION = YES;
				CLANG_WARN_COMMA = YES;
				CLANG_WARN_CONSTANT_CONVERSION = YES;
				CLANG_WARN_DEPRECATED_OBJC_IMPLEMENTATIONS = YES;
				CLANG_WARN_DIRECT_OBJC_ISA_USAGE = YES_ERROR;
				CLANG_WARN_DOCUMENTATION_COMMENTS = YES;
				CLANG_WARN_EMPTY_BODY = YES;
				CLANG_WARN_ENUM_CONVERSION = YES;
				CLANG_WARN_INFINITE_RECURSION = YES;
				CLANG_WARN_INT_CONVERSION = YES;
				CLANG_WARN_NON_LITERAL_NULL_CONVERSION = YES;
				CLANG_WARN_OBJC_IMPLICIT_RETAIN_SELF = YES;
				CLANG_WARN_OBJC_LITERAL_CONVERSION = YES;
				CLANG_WARN_OBJC_ROOT_CLASS = YES_ERROR;
				CLANG_WARN_QUOTED_INCLUDE_IN_FRAMEWORK_HEADER = YES;
				CLANG_WARN_RANGE_LOOP_ANALYSIS = YES;
				CLANG_WARN_STRICT_PROTOTYPES = YES;
				CLANG_WARN_SUSPICIOUS_MOVE = YES;
				CLANG_WARN_UNGUARDED_AVAILABILITY = YES_AGGRESSIVE;
				CLANG_WARN_UNREACHABLE_CODE = YES;
				CLANG_WARN__DUPLICATE_METHOD_MATCH = YES;
				COPY_PHASE_STRIP = NO;
				DEBUG_INFORMATION_FORMAT = dwarf;
				ENABLE_STRICT_OBJC_MSGSEND = YES;
				ENABLE_TESTABILITY = YES;
				GCC_C_LANGUAGE_STANDARD = gnu11;
				GCC_DYNAMIC_NO_PIC = NO;
				GCC_NO_COMMON_BLOCKS = YES;
				GCC_OPTIMIZATION_LEVEL = 0;
				GCC_PREPROCESSOR_DEFINITIONS = (
					"DEBUG=1",
					"$(inherited)",
				);
				GCC_WARN_64_TO_32_BIT_CONVERSION = YES;
				GCC_WARN_ABOUT_RETURN_TYPE = YES_ERROR;
				GCC_WARN_UNDECLARED_SELECTOR = YES;
				GCC_WARN_UNINITIALIZED_AUTOS = YES_AGGRESSIVE;
				GCC_WARN_UNUSED_FUNCTION = YES;
				GCC_WARN_UNUSED_VARIABLE = YES;
				MACOSX_DEPLOYMENT_TARGET = 10.14;
				MTL_ENABLE_DEBUG_INFO = INCLUDE_SOURCE;
				MTL_FAST_MATH = YES;
				ONLY_ACTIVE_ARCH = YES;
				SDKROOT = macosx;
				SWIFT_ACTIVE_COMPILATION_CONDITIONS = DEBUG;
				SWIFT_OPTIMIZATION_LEVEL = "-Onone";
			};
			name = Debug;
		};
		4F229AC7243CC29600B1784C /* Release */ = {
			isa = XCBuildConfiguration;
			buildSettings = {
				ALWAYS_SEARCH_USER_PATHS = NO;
				CLANG_ANALYZER_NONNULL = YES;
				CLANG_ANALYZER_NUMBER_OBJECT_CONVERSION = YES_AGGRESSIVE;
				CLANG_CXX_LANGUAGE_STANDARD = "gnu++14";
				CLANG_CXX_LIBRARY = "libc++";
				CLANG_ENABLE_MODULES = YES;
				CLANG_ENABLE_OBJC_ARC = YES;
				CLANG_ENABLE_OBJC_WEAK = YES;
				CLANG_WARN_BLOCK_CAPTURE_AUTORELEASING = YES;
				CLANG_WARN_BOOL_CONVERSION = YES;
				CLANG_WARN_COMMA = YES;
				CLANG_WARN_CONSTANT_CONVERSION = YES;
				CLANG_WARN_DEPRECATED_OBJC_IMPLEMENTATIONS = YES;
				CLANG_WARN_DIRECT_OBJC_ISA_USAGE = YES_ERROR;
				CLANG_WARN_DOCUMENTATION_COMMENTS = YES;
				CLANG_WARN_EMPTY_BODY = YES;
				CLANG_WARN_ENUM_CONVERSION = YES;
				CLANG_WARN_INFINITE_RECURSION = YES;
				CLANG_WARN_INT_CONVERSION = YES;
				CLANG_WARN_NON_LITERAL_NULL_CONVERSION = YES;
				CLANG_WARN_OBJC_IMPLICIT_RETAIN_SELF = YES;
				CLANG_WARN_OBJC_LITERAL_CONVERSION = YES;
				CLANG_WARN_OBJC_ROOT_CLASS = YES_ERROR;
				CLANG_WARN_QUOTED_INCLUDE_IN_FRAMEWORK_HEADER = YES;
				CLANG_WARN_RANGE_LOOP_ANALYSIS = YES;
				CLANG_WARN_STRICT_PROTOTYPES = YES;
				CLANG_WARN_SUSPICIOUS_MOVE = YES;
				CLANG_WARN_UNGUARDED_AVAILABILITY = YES_AGGRESSIVE;
				CLANG_WARN_UNREACHABLE_CODE = YES;
				CLANG_WARN__DUPLICATE_METHOD_MATCH = YES;
				COPY_PHASE_STRIP = NO;
				DEBUG_INFORMATION_FORMAT = "dwarf-with-dsym";
				ENABLE_NS_ASSERTIONS = NO;
				ENABLE_STRICT_OBJC_MSGSEND = YES;
				GCC_C_LANGUAGE_STANDARD = gnu11;
				GCC_NO_COMMON_BLOCKS = YES;
				GCC_WARN_64_TO_32_BIT_CONVERSION = YES;
				GCC_WARN_ABOUT_RETURN_TYPE = YES_ERROR;
				GCC_WARN_UNDECLARED_SELECTOR = YES;
				GCC_WARN_UNINITIALIZED_AUTOS = YES_AGGRESSIVE;
				GCC_WARN_UNUSED_FUNCTION = YES;
				GCC_WARN_UNUSED_VARIABLE = YES;
				MACOSX_DEPLOYMENT_TARGET = 10.14;
				MTL_ENABLE_DEBUG_INFO = NO;
				MTL_FAST_MATH = YES;
				SDKROOT = macosx;
				SWIFT_COMPILATION_MODE = wholemodule;
				SWIFT_OPTIMIZATION_LEVEL = "-O";
			};
			name = Release;
		};
		4F229AC9243CC29600B1784C /* Debug */ = {
			isa = XCBuildConfiguration;
			buildSettings = {
				ASSETCATALOG_COMPILER_APPICON_NAME = AppIcon;
				CLANG_ENABLE_MODULES = YES;
				CODE_SIGN_ENTITLEMENTS = Bluesnooze/Bluesnooze.entitlements;
				CODE_SIGN_IDENTITY = "-";
				CODE_SIGN_STYLE = Automatic;
				COMBINE_HIDPI_IMAGES = YES;
				DEVELOPMENT_TEAM = 7X3FR535W8;
				ENABLE_HARDENED_RUNTIME = YES;
				FRAMEWORK_SEARCH_PATHS = (
					"$(inherited)",
					"$(PROJECT_DIR)/Carthage/Build/Mac",
				);
				INFOPLIST_FILE = Bluesnooze/Info.plist;
				LD_RUNPATH_SEARCH_PATHS = (
					"$(inherited)",
					"@executable_path/../Frameworks",
				);
				PRODUCT_BUNDLE_IDENTIFIER = com.oliverpeate.Bluesnooze;
				PRODUCT_NAME = "$(TARGET_NAME)";
				SWIFT_OBJC_BRIDGING_HEADER = "Bluesnooze/Bluesnooze-Bridging-Header.h";
				SWIFT_OPTIMIZATION_LEVEL = "-Onone";
				SWIFT_VERSION = 5.0;
			};
			name = Debug;
		};
		4F229ACA243CC29600B1784C /* Release */ = {
			isa = XCBuildConfiguration;
			buildSettings = {
				ASSETCATALOG_COMPILER_APPICON_NAME = AppIcon;
				CLANG_ENABLE_MODULES = YES;
				CODE_SIGN_ENTITLEMENTS = Bluesnooze/Bluesnooze.entitlements;
				CODE_SIGN_IDENTITY = "-";
				CODE_SIGN_STYLE = Automatic;
				COMBINE_HIDPI_IMAGES = YES;
				DEVELOPMENT_TEAM = 7X3FR535W8;
				ENABLE_HARDENED_RUNTIME = YES;
				FRAMEWORK_SEARCH_PATHS = (
					"$(inherited)",
					"$(PROJECT_DIR)/Carthage/Build/Mac",
				);
				INFOPLIST_FILE = Bluesnooze/Info.plist;
				LD_RUNPATH_SEARCH_PATHS = (
					"$(inherited)",
					"@executable_path/../Frameworks",
				);
				PRODUCT_BUNDLE_IDENTIFIER = com.oliverpeate.Bluesnooze;
				PRODUCT_NAME = "$(TARGET_NAME)";
				SWIFT_OBJC_BRIDGING_HEADER = "Bluesnooze/Bluesnooze-Bridging-Header.h";
				SWIFT_VERSION = 5.0;
			};
			name = Release;
		};
/* End XCBuildConfiguration section */

/* Begin XCConfigurationList section */
		4F229AB5243CC29500B1784C /* Build configuration list for PBXProject "Bluesnooze" */ = {
			isa = XCConfigurationList;
			buildConfigurations = (
				4F229AC6243CC29600B1784C /* Debug */,
				4F229AC7243CC29600B1784C /* Release */,
			);
			defaultConfigurationIsVisible = 0;
			defaultConfigurationName = Release;
		};
		4F229AC8243CC29600B1784C /* Build configuration list for PBXNativeTarget "Bluesnooze" */ = {
			isa = XCConfigurationList;
			buildConfigurations = (
				4F229AC9243CC29600B1784C /* Debug */,
				4F229ACA243CC29600B1784C /* Release */,
			);
			defaultConfigurationIsVisible = 0;
			defaultConfigurationName = Release;
		};
/* End XCConfigurationList section */
	};
	rootObject = 4F229AB2243CC29500B1784C /* Project object */;
}
